
Microsoft Visual Studio Solution File, Format Version 12.00
# Visual Studio Version 16
VisualStudioVersion = 16.0.31727.386
MinimumVisualStudioVersion = 10.0.40219.1
Project("{FAE04EC0-301F-11D3-BF4B-00C04F79EFBC}") = "Lab2", "Lab2\Lab2.csproj", "{A0FA9DA3-9F6A-482F-975D-73ABBC095003}"
EndProject
Global
	GlobalSection(SolutionConfigurationPlatforms) = preSolution
		Debug|Any CPU = Debug|Any CPU
		Release|Any CPU = Release|Any CPU
	EndGlobalSection
	GlobalSection(ProjectConfigurationPlatforms) = postSolution
		{A0FA9DA3-9F6A-482F-975D-73ABBC095003}.Debug|Any CPU.ActiveCfg = Debug|Any CPU
		{A0FA9DA3-9F6A-482F-975D-73ABBC095003}.Debug|Any CPU.Build.0 = Debug|Any CPU
		{A0FA9DA3-9F6A-482F-975D-73ABBC095003}.Release|Any CPU.ActiveCfg = Release|Any CPU
		{A0FA9DA3-9F6A-482F-975D-73ABBC095003}.Release|Any CPU.Build.0 = Release|Any CPU
	EndGlobalSection
	GlobalSection(SolutionProperties) = preSolution
		HideSolutionNode = FALSE
	EndGlobalSection
	GlobalSection(ExtensibilityGlobals) = postSolution
		SolutionGuid = {BBB10F6B-8BD9-4AEC-9314-60BE1C02FD47}
	EndGlobalSection
EndGlobal
